
Microsoft Visual Studio Solution File, Format Version 12.00
Project("{FAE04EC0-301F-11D3-BF4B-00C04F79EFBC}") = "FaceRecognition.Back.Api", "FaceRecognition.Back.Api\FaceRecognition.Back.Api.csproj", "{BD6927F7-D9E2-49E7-B589-BD9A6EC28D87}"
EndProject
Global
	GlobalSection(SolutionConfigurationPlatforms) = preSolution
		Debug|Any CPU = Debug|Any CPU
		Release|Any CPU = Release|Any CPU
	EndGlobalSection
	GlobalSection(ProjectConfigurationPlatforms) = postSolution
		{BD6927F7-D9E2-49E7-B589-BD9A6EC28D87}.Debug|Any CPU.ActiveCfg = Debug|Any CPU
		{BD6927F7-D9E2-49E7-B589-BD9A6EC28D87}.Debug|Any CPU.Build.0 = Debug|Any CPU
		{BD6927F7-D9E2-49E7-B589-BD9A6EC28D87}.Release|Any CPU.ActiveCfg = Release|Any CPU
		{BD6927F7-D9E2-49E7-B589-BD9A6EC28D87}.Release|Any CPU.Build.0 = Release|Any CPU
	EndGlobalSection
	GlobalSection(NestedProjects) = preSolution
	EndGlobalSection
EndGlobal
